// !$*UTF8*$!
{
	archiveVersion = 1;
	classes = {
	};
	objectVersion = 54;
	objects = {

/* Begin PBXBuildFile section */
		00E356F31AD99517003FC87E /* BelgaTabletAppTests.m in Sources */ = {isa = PBXBuildFile; fileRef = 00E356F21AD99517003FC87E /* BelgaTabletAppTests.m */; };
		01A72725CBDE4CB291AC5D95 /* ProximaNova-RegularIt.ttf in Resources */ = {isa = PBXBuildFile; fileRef = EFA8ED6E82194AA1B62FE9B0 /* ProximaNova-RegularIt.ttf */; };
		0B475F6EE91040E185D756E3 /* ProximaNova-Semibold.ttf in Resources */ = {isa = PBXBuildFile; fileRef = C34C6960ED36497ABFFC8D31 /* ProximaNova-Semibold.ttf */; };
		0C80B921A6F3F58F76C31292 /* libPods-BelgaTabletApp.a in Frameworks */ = {isa = PBXBuildFile; fileRef = 5DCACB8F33CDC322A6C60F78 /* libPods-BelgaTabletApp.a */; };
		13B07FBC1A68108700A75B9A /* AppDelegate.mm in Sources */ = {isa = PBXBuildFile; fileRef = 13B07FB01A68108700A75B9A /* AppDelegate.mm */; };
		13B07FBF1A68108700A75B9A /* Images.xcassets in Resources */ = {isa = PBXBuildFile; fileRef = 13B07FB51A68108700A75B9A /* Images.xcassets */; };
		13B07FC11A68108700A75B9A /* main.m in Sources */ = {isa = PBXBuildFile; fileRef = 13B07FB71A68108700A75B9A /* main.m */; };
		1F1FA852226849D5ABF7FE98 /* ProximaNova-LightIt.ttf in Resources */ = {isa = PBXBuildFile; fileRef = 86C425F3C56748D1953D50F6 /* ProximaNova-LightIt.ttf */; };
		2706366DBC2B45FB994E2F74 /* ProximaNova-Light.ttf in Resources */ = {isa = PBXBuildFile; fileRef = DFB0E56BC7D447738BDF5FC2 /* ProximaNova-Light.ttf */; };
		31B0FC8901154C17A1E1A63F /* ProximaNova-Black.ttf in Resources */ = {isa = PBXBuildFile; fileRef = B4279D5C77774BBE907F141A /* ProximaNova-Black.ttf */; };
		33D8D68321334209882CA68F /* Colors.xcassets in Resources */ = {isa = PBXBuildFile; fileRef = 1AEB0E1D78954A50BFFC5877 /* Colors.xcassets */; };
		49A298B0A6FA408485B4552D /* ProximaNova-Extrabld.ttf in Resources */ = {isa = PBXBuildFile; fileRef = 6732E80C5177470095BFEDDB /* ProximaNova-Extrabld.ttf */; };
		57A397CF4024472997A18483 /* ProximaNova-BoldIt.ttf in Resources */ = {isa = PBXBuildFile; fileRef = 88B5701BEE434A97992B44A1 /* ProximaNova-BoldIt.ttf */; };
		70C4B64FBE024C668A7D59F6 /* ProximaNova-ExtrabldIt.ttf in Resources */ = {isa = PBXBuildFile; fileRef = E496340A6D874E01A2BFEC1B /* ProximaNova-ExtrabldIt.ttf */; };
		7699B88040F8A987B510C191 /* libPods-BelgaTabletApp-BelgaTabletAppTests.a in Frameworks */ = {isa = PBXBuildFile; fileRef = 19F6CBCC0A4E27FBF8BF4A61 /* libPods-BelgaTabletApp-BelgaTabletAppTests.a */; };
		81AB9BB82411601600AC10FF /* LaunchScreen.storyboard in Resources */ = {isa = PBXBuildFile; fileRef = 81AB9BB72411601600AC10FF /* LaunchScreen.storyboard */; };
		81FA70BD5D764F1DAF4CA674 /* ProximaNova-Bold.ttf in Resources */ = {isa = PBXBuildFile; fileRef = 5261F18182D94218B460F9F5 /* ProximaNova-Bold.ttf */; };
		82396160E6EB4B8AAC0A720D /* ProximaNova-SemiboldIt.ttf in Resources */ = {isa = PBXBuildFile; fileRef = D90BC787D222436BA86F13CF /* ProximaNova-SemiboldIt.ttf */; };
		AB6CB038A859E655A970D9BA /* PrivacyInfo.xcprivacy in Resources */ = {isa = PBXBuildFile; fileRef = 13B07FB81A68108700A75B9A /* PrivacyInfo.xcprivacy */; };
		B7216E5F2CEAED5600840258 /* ProximaNova-Black.ttf in Resources */ = {isa = PBXBuildFile; fileRef = B4279D5C77774BBE907F141A /* ProximaNova-Black.ttf */; };
		B7216E602CEAED5600840258 /* ProximaNova-BlackIt.ttf in Resources */ = {isa = PBXBuildFile; fileRef = D2113E8F285F4C6487062C0D /* ProximaNova-BlackIt.ttf */; };
		B7216E612CEAED5600840258 /* ProximaNova-Bold.ttf in Resources */ = {isa = PBXBuildFile; fileRef = 5261F18182D94218B460F9F5 /* ProximaNova-Bold.ttf */; };
		B7216E622CEAED5600840258 /* ProximaNova-BoldIt.ttf in Resources */ = {isa = PBXBuildFile; fileRef = 88B5701BEE434A97992B44A1 /* ProximaNova-BoldIt.ttf */; };
		B7216E632CEAED5600840258 /* ProximaNova-Extrabld.ttf in Resources */ = {isa = PBXBuildFile; fileRef = 6732E80C5177470095BFEDDB /* ProximaNova-Extrabld.ttf */; };
		B7216E642CEAED5600840258 /* ProximaNova-ExtrabldIt.ttf in Resources */ = {isa = PBXBuildFile; fileRef = E496340A6D874E01A2BFEC1B /* ProximaNova-ExtrabldIt.ttf */; };
		B7216E652CEAED5600840258 /* ProximaNova-Light.ttf in Resources */ = {isa = PBXBuildFile; fileRef = DFB0E56BC7D447738BDF5FC2 /* ProximaNova-Light.ttf */; };
		B7216E662CEAED5600840258 /* ProximaNova-LightIt.ttf in Resources */ = {isa = PBXBuildFile; fileRef = 86C425F3C56748D1953D50F6 /* ProximaNova-LightIt.ttf */; };
		B7216E672CEAED5600840258 /* ProximaNova-Regular.ttf in Resources */ = {isa = PBXBuildFile; fileRef = 19F25EAA8F4043499CDE25F9 /* ProximaNova-Regular.ttf */; };
		B7216E682CEAED5600840258 /* ProximaNova-RegularIt.ttf in Resources */ = {isa = PBXBuildFile; fileRef = EFA8ED6E82194AA1B62FE9B0 /* ProximaNova-RegularIt.ttf */; };
		B7216E692CEAED5600840258 /* ProximaNova-Semibold.ttf in Resources */ = {isa = PBXBuildFile; fileRef = C34C6960ED36497ABFFC8D31 /* ProximaNova-Semibold.ttf */; };
		B7216E6A2CEAED5600840258 /* ProximaNova-SemiboldIt.ttf in Resources */ = {isa = PBXBuildFile; fileRef = D90BC787D222436BA86F13CF /* ProximaNova-SemiboldIt.ttf */; };
		B7216E6B2CEAED5600840258 /* ProximaNova-ThinIt.ttf in Resources */ = {isa = PBXBuildFile; fileRef = 02FE411FB26E4258A325E8D9 /* ProximaNova-ThinIt.ttf */; };
		B7216E6C2CEAED5600840258 /* ProximaNovaT-Thin.ttf in Resources */ = {isa = PBXBuildFile; fileRef = D98190C759C042BBB740A15A /* ProximaNovaT-Thin.ttf */; };
		C07DA27024FF49718C75D4E7 /* ProximaNovaT-Thin.ttf in Resources */ = {isa = PBXBuildFile; fileRef = D98190C759C042BBB740A15A /* ProximaNovaT-Thin.ttf */; };
		CF94C3DFEF9C46B6A6F92324 /* ProximaNova-Regular.ttf in Resources */ = {isa = PBXBuildFile; fileRef = 19F25EAA8F4043499CDE25F9 /* ProximaNova-Regular.ttf */; };
		D4FB7665179940A584CADE77 /* ProximaNova-BlackIt.ttf in Resources */ = {isa = PBXBuildFile; fileRef = D2113E8F285F4C6487062C0D /* ProximaNova-BlackIt.ttf */; };
		D7A525159C504814BEF0EF2F /* BootSplash.storyboard in Resources */ = {isa = PBXBuildFile; fileRef = 5F426F077F5F4234941567BB /* BootSplash.storyboard */; };
		FFCD7E5FA57E4AB4A23C1676 /* ProximaNova-ThinIt.ttf in Resources */ = {isa = PBXBuildFile; fileRef = 02FE411FB26E4258A325E8D9 /* ProximaNova-ThinIt.ttf */; };
/* End PBXBuildFile section */

/* Begin PBXContainerItemProxy section */
		00E356F41AD99517003FC87E /* PBXContainerItemProxy */ = {
			isa = PBXContainerItemProxy;
			containerPortal = 83CBB9F71A601CBA00E9B192 /* Project object */;
			proxyType = 1;
			remoteGlobalIDString = 13B07F861A680F5B00A75B9A;
			remoteInfo = BelgaTabletApp;
		};
/* End PBXContainerItemProxy section */

/* Begin PBXFileReference section */
		00E356EE1AD99517003FC87E /* BelgaTabletAppTests.xctest */ = {isa = PBXFileReference; explicitFileType = wrapper.cfbundle; includeInIndex = 0; path = BelgaTabletAppTests.xctest; sourceTree = BUILT_PRODUCTS_DIR; };
		00E356F11AD99517003FC87E /* Info.plist */ = {isa = PBXFileReference; lastKnownFileType = text.plist.xml; path = Info.plist; sourceTree = "<group>"; };
		00E356F21AD99517003FC87E /* BelgaTabletAppTests.m */ = {isa = PBXFileReference; lastKnownFileType = sourcecode.c.objc; path = BelgaTabletAppTests.m; sourceTree = "<group>"; };
		014CA9F2371E48AF8E8A94C0 /* Lexend-Regular.ttf */ = {isa = PBXFileReference; explicitFileType = undefined; fileEncoding = 9; includeInIndex = 0; lastKnownFileType = unknown; name = "Lexend-Regular.ttf"; path = "../src/assets/fonts/Lexend-Regular.ttf"; sourceTree = "<group>"; };
		02FE411FB26E4258A325E8D9 /* ProximaNova-ThinIt.ttf */ = {isa = PBXFileReference; explicitFileType = undefined; fileEncoding = 9; includeInIndex = 0; lastKnownFileType = unknown; name = "ProximaNova-ThinIt.ttf"; path = "../src/assets/fonts/ProximaNova-ThinIt.ttf"; sourceTree = "<group>"; };
		030C371EEB6946298BAC693A /* FontAwesome5_Regular.ttf */ = {isa = PBXFileReference; explicitFileType = undefined; fileEncoding = 9; includeInIndex = 0; lastKnownFileType = unknown; name = FontAwesome5_Regular.ttf; path = ../src/assets/fonts/FontAwesome5_Regular.ttf; sourceTree = "<group>"; };
		0A8A50EA10184E7685BA7F22 /* FontAwesome5_Solid.ttf */ = {isa = PBXFileReference; explicitFileType = undefined; fileEncoding = 9; includeInIndex = 0; lastKnownFileType = unknown; name = FontAwesome5_Solid.ttf; path = ../src/assets/fonts/FontAwesome5_Solid.ttf; sourceTree = "<group>"; };
		11A5D056E95B441A8FE51A30 /* FontAwesome6_Solid.ttf */ = {isa = PBXFileReference; explicitFileType = undefined; fileEncoding = 9; includeInIndex = 0; lastKnownFileType = unknown; name = FontAwesome6_Solid.ttf; path = ../src/assets/fonts/FontAwesome6_Solid.ttf; sourceTree = "<group>"; };
		13B07F961A680F5B00A75B9A /* BelgaTabletApp.app */ = {isa = PBXFileReference; explicitFileType = wrapper.application; includeInIndex = 0; path = BelgaTabletApp.app; sourceTree = BUILT_PRODUCTS_DIR; };
		13B07FAF1A68108700A75B9A /* AppDelegate.h */ = {isa = PBXFileReference; fileEncoding = 4; lastKnownFileType = sourcecode.c.h; name = AppDelegate.h; path = BelgaTabletApp/AppDelegate.h; sourceTree = "<group>"; };
		13B07FB01A68108700A75B9A /* AppDelegate.mm */ = {isa = PBXFileReference; fileEncoding = 4; lastKnownFileType = sourcecode.cpp.objcpp; name = AppDelegate.mm; path = BelgaTabletApp/AppDelegate.mm; sourceTree = "<group>"; };
		13B07FB51A68108700A75B9A /* Images.xcassets */ = {isa = PBXFileReference; lastKnownFileType = folder.assetcatalog; name = Images.xcassets; path = BelgaTabletApp/Images.xcassets; sourceTree = "<group>"; };
		13B07FB61A68108700A75B9A /* Info.plist */ = {isa = PBXFileReference; fileEncoding = 4; lastKnownFileType = text.plist.xml; name = Info.plist; path = BelgaTabletApp/Info.plist; sourceTree = "<group>"; };
		13B07FB71A68108700A75B9A /* main.m */ = {isa = PBXFileReference; fileEncoding = 4; lastKnownFileType = sourcecode.c.objc; name = main.m; path = BelgaTabletApp/main.m; sourceTree = "<group>"; };
		13B07FB81A68108700A75B9A /* PrivacyInfo.xcprivacy */ = {isa = PBXFileReference; fileEncoding = 4; lastKnownFileType = text.plist.xml; name = PrivacyInfo.xcprivacy; path = BelgaTabletApp/PrivacyInfo.xcprivacy; sourceTree = "<group>"; };
		15B7508299DA44BEA8722581 /* FontAwesome5_Brands.ttf */ = {isa = PBXFileReference; explicitFileType = undefined; fileEncoding = 9; includeInIndex = 0; lastKnownFileType = unknown; name = FontAwesome5_Brands.ttf; path = ../src/assets/fonts/FontAwesome5_Brands.ttf; sourceTree = "<group>"; };
		19BE13BC9CBC4B89B66E2CE3 /* AntDesign.ttf */ = {isa = PBXFileReference; explicitFileType = undefined; fileEncoding = 9; includeInIndex = 0; lastKnownFileType = unknown; name = AntDesign.ttf; path = ../src/assets/fonts/AntDesign.ttf; sourceTree = "<group>"; };
		19F25EAA8F4043499CDE25F9 /* ProximaNova-Regular.ttf */ = {isa = PBXFileReference; explicitFileType = undefined; fileEncoding = 9; includeInIndex = 0; lastKnownFileType = unknown; name = "ProximaNova-Regular.ttf"; path = "../src/assets/fonts/ProximaNova-Regular.ttf"; sourceTree = "<group>"; };
		19F6CBCC0A4E27FBF8BF4A61 /* libPods-BelgaTabletApp-BelgaTabletAppTests.a */ = {isa = PBXFileReference; explicitFileType = archive.ar; includeInIndex = 0; path = "libPods-BelgaTabletApp-BelgaTabletAppTests.a"; sourceTree = BUILT_PRODUCTS_DIR; };
		1AEB0E1D78954A50BFFC5877 /* Colors.xcassets */ = {isa = PBXFileReference; explicitFileType = undefined; fileEncoding = 9; includeInIndex = 0; lastKnownFileType = folder.assetcatalog; name = Colors.xcassets; path = BelgaTabletApp/Colors.xcassets; sourceTree = "<group>"; };
		217FEAE6722540D5B960DD1D /* Entypo.ttf */ = {isa = PBXFileReference; explicitFileType = undefined; fileEncoding = 9; includeInIndex = 0; lastKnownFileType = unknown; name = Entypo.ttf; path = ../src/assets/fonts/Entypo.ttf; sourceTree = "<group>"; };
		2CA4F76821184F11A42187D7 /* MaterialIcons.ttf */ = {isa = PBXFileReference; explicitFileType = undefined; fileEncoding = 9; includeInIndex = 0; lastKnownFileType = unknown; name = MaterialIcons.ttf; path = ../src/assets/fonts/MaterialIcons.ttf; sourceTree = "<group>"; };
		2E599CADDD894986A0C85B05 /* Lexend-ExtraLight.ttf */ = {isa = PBXFileReference; explicitFileType = undefined; fileEncoding = 9; includeInIndex = 0; lastKnownFileType = unknown; name = "Lexend-ExtraLight.ttf"; path = "../src/assets/fonts/Lexend-ExtraLight.ttf"; sourceTree = "<group>"; };
		3B4392A12AC88292D35C810B /* Pods-BelgaTabletApp.debug.xcconfig */ = {isa = PBXFileReference; includeInIndex = 1; lastKnownFileType = text.xcconfig; name = "Pods-BelgaTabletApp.debug.xcconfig"; path = "Target Support Files/Pods-BelgaTabletApp/Pods-BelgaTabletApp.debug.xcconfig"; sourceTree = "<group>"; };
		4B92FB16331445C09D8DADEF /* EvilIcons.ttf */ = {isa = PBXFileReference; explicitFileType = undefined; fileEncoding = 9; includeInIndex = 0; lastKnownFileType = unknown; name = EvilIcons.ttf; path = ../src/assets/fonts/EvilIcons.ttf; sourceTree = "<group>"; };
		5261F18182D94218B460F9F5 /* ProximaNova-Bold.ttf */ = {isa = PBXFileReference; explicitFileType = undefined; fileEncoding = 9; includeInIndex = 0; lastKnownFileType = unknown; name = "ProximaNova-Bold.ttf"; path = "../src/assets/fonts/ProximaNova-Bold.ttf"; sourceTree = "<group>"; };
		5709B34CF0A7D63546082F79 /* Pods-BelgaTabletApp.release.xcconfig */ = {isa = PBXFileReference; includeInIndex = 1; lastKnownFileType = text.xcconfig; name = "Pods-BelgaTabletApp.release.xcconfig"; path = "Target Support Files/Pods-BelgaTabletApp/Pods-BelgaTabletApp.release.xcconfig"; sourceTree = "<group>"; };
		5B7EB9410499542E8C5724F5 /* Pods-BelgaTabletApp-BelgaTabletAppTests.debug.xcconfig */ = {isa = PBXFileReference; includeInIndex = 1; lastKnownFileType = text.xcconfig; name = "Pods-BelgaTabletApp-BelgaTabletAppTests.debug.xcconfig"; path = "Target Support Files/Pods-BelgaTabletApp-BelgaTabletAppTests/Pods-BelgaTabletApp-BelgaTabletAppTests.debug.xcconfig"; sourceTree = "<group>"; };
		5DCACB8F33CDC322A6C60F78 /* libPods-BelgaTabletApp.a */ = {isa = PBXFileReference; explicitFileType = archive.ar; includeInIndex = 0; path = "libPods-BelgaTabletApp.a"; sourceTree = BUILT_PRODUCTS_DIR; };
		5F426F077F5F4234941567BB /* BootSplash.storyboard */ = {isa = PBXFileReference; explicitFileType = undefined; fileEncoding = 9; includeInIndex = 0; lastKnownFileType = unknown; name = BootSplash.storyboard; path = BelgaTabletApp/BootSplash.storyboard; sourceTree = "<group>"; };
		620E38092B5D42EAAC0D5D3E /* Lexend-Light.ttf */ = {isa = PBXFileReference; explicitFileType = undefined; fileEncoding = 9; includeInIndex = 0; lastKnownFileType = unknown; name = "Lexend-Light.ttf"; path = "../src/assets/fonts/Lexend-Light.ttf"; sourceTree = "<group>"; };
		6732E80C5177470095BFEDDB /* ProximaNova-Extrabld.ttf */ = {isa = PBXFileReference; explicitFileType = undefined; fileEncoding = 9; includeInIndex = 0; lastKnownFileType = unknown; name = "ProximaNova-Extrabld.ttf"; path = "../src/assets/fonts/ProximaNova-Extrabld.ttf"; sourceTree = "<group>"; };
		684A5A0752BF4B7BA5980858 /* Octicons.ttf */ = {isa = PBXFileReference; explicitFileType = undefined; fileEncoding = 9; includeInIndex = 0; lastKnownFileType = unknown; name = Octicons.ttf; path = ../src/assets/fonts/Octicons.ttf; sourceTree = "<group>"; };
		71C93995CD3645329F5C2822 /* Zocial.ttf */ = {isa = PBXFileReference; explicitFileType = undefined; fileEncoding = 9; includeInIndex = 0; lastKnownFileType = unknown; name = Zocial.ttf; path = ../src/assets/fonts/Zocial.ttf; sourceTree = "<group>"; };
		7647CBC14CF344E4AE06B943 /* MaterialCommunityIcons.ttf */ = {isa = PBXFileReference; explicitFileType = undefined; fileEncoding = 9; includeInIndex = 0; lastKnownFileType = unknown; name = MaterialCommunityIcons.ttf; path = ../src/assets/fonts/MaterialCommunityIcons.ttf; sourceTree = "<group>"; };
		81AB9BB72411601600AC10FF /* LaunchScreen.storyboard */ = {isa = PBXFileReference; fileEncoding = 4; lastKnownFileType = file.storyboard; name = LaunchScreen.storyboard; path = BelgaTabletApp/LaunchScreen.storyboard; sourceTree = "<group>"; };
		86C425F3C56748D1953D50F6 /* ProximaNova-LightIt.ttf */ = {isa = PBXFileReference; explicitFileType = undefined; fileEncoding = 9; includeInIndex = 0; lastKnownFileType = unknown; name = "ProximaNova-LightIt.ttf"; path = "../src/assets/fonts/ProximaNova-LightIt.ttf"; sourceTree = "<group>"; };
		88B5701BEE434A97992B44A1 /* ProximaNova-BoldIt.ttf */ = {isa = PBXFileReference; explicitFileType = undefined; fileEncoding = 9; includeInIndex = 0; lastKnownFileType = unknown; name = "ProximaNova-BoldIt.ttf"; path = "../src/assets/fonts/ProximaNova-BoldIt.ttf"; sourceTree = "<group>"; };
		89C6BE57DB24E9ADA2F236DE /* Pods-BelgaTabletApp-BelgaTabletAppTests.release.xcconfig */ = {isa = PBXFileReference; includeInIndex = 1; lastKnownFileType = text.xcconfig; name = "Pods-BelgaTabletApp-BelgaTabletAppTests.release.xcconfig"; path = "Target Support Files/Pods-BelgaTabletApp-BelgaTabletAppTests/Pods-BelgaTabletApp-BelgaTabletAppTests.release.xcconfig"; sourceTree = "<group>"; };
		A2EDEE87769B48FD8D457327 /* FontAwesome.ttf */ = {isa = PBXFileReference; explicitFileType = undefined; fileEncoding = 9; includeInIndex = 0; lastKnownFileType = unknown; name = FontAwesome.ttf; path = ../src/assets/fonts/FontAwesome.ttf; sourceTree = "<group>"; };
		A816816E55F04505A2A28980 /* Lexend-Bold.ttf */ = {isa = PBXFileReference; explicitFileType = undefined; fileEncoding = 9; includeInIndex = 0; lastKnownFileType = unknown; name = "Lexend-Bold.ttf"; path = "../src/assets/fonts/Lexend-Bold.ttf"; sourceTree = "<group>"; };
		AFC26624A8EC4B1494B1BBC4 /* Lexend-Thin.ttf */ = {isa = PBXFileReference; explicitFileType = undefined; fileEncoding = 9; includeInIndex = 0; lastKnownFileType = unknown; name = "Lexend-Thin.ttf"; path = "../src/assets/fonts/Lexend-Thin.ttf"; sourceTree = "<group>"; };
		B4279D5C77774BBE907F141A /* ProximaNova-Black.ttf */ = {isa = PBXFileReference; explicitFileType = undefined; fileEncoding = 9; includeInIndex = 0; lastKnownFileType = unknown; name = "ProximaNova-Black.ttf"; path = "../src/assets/fonts/ProximaNova-Black.ttf"; sourceTree = "<group>"; };
		B7216E6F2CEB26C800840258 /* Config.xcconfig */ = {isa = PBXFileReference; lastKnownFileType = text.xcconfig; path = Config.xcconfig; sourceTree = "<group>"; };
		BCB3653679764E62BC783B0B /* Lexend-Black.ttf */ = {isa = PBXFileReference; explicitFileType = undefined; fileEncoding = 9; includeInIndex = 0; lastKnownFileType = unknown; name = "Lexend-Black.ttf"; path = "../src/assets/fonts/Lexend-Black.ttf"; sourceTree = "<group>"; };
		C096B8E7DAAA448D8BC753C5 /* SimpleLineIcons.ttf */ = {isa = PBXFileReference; explicitFileType = undefined; fileEncoding = 9; includeInIndex = 0; lastKnownFileType = unknown; name = SimpleLineIcons.ttf; path = ../src/assets/fonts/SimpleLineIcons.ttf; sourceTree = "<group>"; };
		C34C6960ED36497ABFFC8D31 /* ProximaNova-Semibold.ttf */ = {isa = PBXFileReference; explicitFileType = undefined; fileEncoding = 9; includeInIndex = 0; lastKnownFileType = unknown; name = "ProximaNova-Semibold.ttf"; path = "../src/assets/fonts/ProximaNova-Semibold.ttf"; sourceTree = "<group>"; };
		C56C188A63934FBCAD052364 /* Feather.ttf */ = {isa = PBXFileReference; explicitFileType = undefined; fileEncoding = 9; includeInIndex = 0; lastKnownFileType = unknown; name = Feather.ttf; path = ../src/assets/fonts/Feather.ttf; sourceTree = "<group>"; };
		C7D45457EA3B476DB8222DC8 /* Fontisto.ttf */ = {isa = PBXFileReference; explicitFileType = undefined; fileEncoding = 9; includeInIndex = 0; lastKnownFileType = unknown; name = Fontisto.ttf; path = ../src/assets/fonts/Fontisto.ttf; sourceTree = "<group>"; };
		CAE131C51D01486DADB404A2 /* FontAwesome6_Brands.ttf */ = {isa = PBXFileReference; explicitFileType = undefined; fileEncoding = 9; includeInIndex = 0; lastKnownFileType = unknown; name = FontAwesome6_Brands.ttf; path = ../src/assets/fonts/FontAwesome6_Brands.ttf; sourceTree = "<group>"; };
		CDFE2395DAEB4A03ACD2A04C /* Foundation.ttf */ = {isa = PBXFileReference; explicitFileType = undefined; fileEncoding = 9; includeInIndex = 0; lastKnownFileType = unknown; name = Foundation.ttf; path = ../src/assets/fonts/Foundation.ttf; sourceTree = "<group>"; };
		CE08E3A46A0B4A909C984B5B /* Ionicons.ttf */ = {isa = PBXFileReference; explicitFileType = undefined; fileEncoding = 9; includeInIndex = 0; lastKnownFileType = unknown; name = Ionicons.ttf; path = ../src/assets/fonts/Ionicons.ttf; sourceTree = "<group>"; };
		CF431FD25E624143BB3D6B47 /* Lexend-SemiBold.ttf */ = {isa = PBXFileReference; explicitFileType = undefined; fileEncoding = 9; includeInIndex = 0; lastKnownFileType = unknown; name = "Lexend-SemiBold.ttf"; path = "../src/assets/fonts/Lexend-SemiBold.ttf"; sourceTree = "<group>"; };
		D2113E8F285F4C6487062C0D /* ProximaNova-BlackIt.ttf */ = {isa = PBXFileReference; explicitFileType = undefined; fileEncoding = 9; includeInIndex = 0; lastKnownFileType = unknown; name = "ProximaNova-BlackIt.ttf"; path = "../src/assets/fonts/ProximaNova-BlackIt.ttf"; sourceTree = "<group>"; };
		D90BC787D222436BA86F13CF /* ProximaNova-SemiboldIt.ttf */ = {isa = PBXFileReference; explicitFileType = undefined; fileEncoding = 9; includeInIndex = 0; lastKnownFileType = unknown; name = "ProximaNova-SemiboldIt.ttf"; path = "../src/assets/fonts/ProximaNova-SemiboldIt.ttf"; sourceTree = "<group>"; };
		D98190C759C042BBB740A15A /* ProximaNovaT-Thin.ttf */ = {isa = PBXFileReference; explicitFileType = undefined; fileEncoding = 9; includeInIndex = 0; lastKnownFileType = unknown; name = "ProximaNovaT-Thin.ttf"; path = "../src/assets/fonts/ProximaNovaT-Thin.ttf"; sourceTree = "<group>"; };
		DAC02244553E47959322C1DB /* FontAwesome6_Regular.ttf */ = {isa = PBXFileReference; explicitFileType = undefined; fileEncoding = 9; includeInIndex = 0; lastKnownFileType = unknown; name = FontAwesome6_Regular.ttf; path = ../src/assets/fonts/FontAwesome6_Regular.ttf; sourceTree = "<group>"; };
		DFB0E56BC7D447738BDF5FC2 /* ProximaNova-Light.ttf */ = {isa = PBXFileReference; explicitFileType = undefined; fileEncoding = 9; includeInIndex = 0; lastKnownFileType = unknown; name = "ProximaNova-Light.ttf"; path = "../src/assets/fonts/ProximaNova-Light.ttf"; sourceTree = "<group>"; };
		E496340A6D874E01A2BFEC1B /* ProximaNova-ExtrabldIt.ttf */ = {isa = PBXFileReference; explicitFileType = undefined; fileEncoding = 9; includeInIndex = 0; lastKnownFileType = unknown; name = "ProximaNova-ExtrabldIt.ttf"; path = "../src/assets/fonts/ProximaNova-ExtrabldIt.ttf"; sourceTree = "<group>"; };
		EC137E2BFFCB4DBD8D864ADD /* Lexend-ExtraBold.ttf */ = {isa = PBXFileReference; explicitFileType = undefined; fileEncoding = 9; includeInIndex = 0; lastKnownFileType = unknown; name = "Lexend-ExtraBold.ttf"; path = "../src/assets/fonts/Lexend-ExtraBold.ttf"; sourceTree = "<group>"; };
		ED297162215061F000B7C4FE /* JavaScriptCore.framework */ = {isa = PBXFileReference; lastKnownFileType = wrapper.framework; name = JavaScriptCore.framework; path = System/Library/Frameworks/JavaScriptCore.framework; sourceTree = SDKROOT; };
		EFA8ED6E82194AA1B62FE9B0 /* ProximaNova-RegularIt.ttf */ = {isa = PBXFileReference; explicitFileType = undefined; fileEncoding = 9; includeInIndex = 0; lastKnownFileType = unknown; name = "ProximaNova-RegularIt.ttf"; path = "../src/assets/fonts/ProximaNova-RegularIt.ttf"; sourceTree = "<group>"; };
		FB82A9EFF6764B9B98B64469 /* Lexend-Medium.ttf */ = {isa = PBXFileReference; explicitFileType = undefined; fileEncoding = 9; includeInIndex = 0; lastKnownFileType = unknown; name = "Lexend-Medium.ttf"; path = "../src/assets/fonts/Lexend-Medium.ttf"; sourceTree = "<group>"; };
/* End PBXFileReference section */

/* Begin PBXFrameworksBuildPhase section */
		00E356EB1AD99517003FC87E /* Frameworks */ = {
			isa = PBXFrameworksBuildPhase;
			buildActionMask = 2147483647;
			files = (
				7699B88040F8A987B510C191 /* libPods-BelgaTabletApp-BelgaTabletAppTests.a in Frameworks */,
			);
			runOnlyForDeploymentPostprocessing = 0;
		};
		13B07F8C1A680F5B00A75B9A /* Frameworks */ = {
			isa = PBXFrameworksBuildPhase;
			buildActionMask = 2147483647;
			files = (
				0C80B921A6F3F58F76C31292 /* libPods-BelgaTabletApp.a in Frameworks */,
			);
			runOnlyForDeploymentPostprocessing = 0;
		};
/* End PBXFrameworksBuildPhase section */

/* Begin PBXGroup section */
		00E356EF1AD99517003FC87E /* BelgaTabletAppTests */ = {
			isa = PBXGroup;
			children = (
				00E356F21AD99517003FC87E /* BelgaTabletAppTests.m */,
				00E356F01AD99517003FC87E /* Supporting Files */,
			);
			path = BelgaTabletAppTests;
			sourceTree = "<group>";
		};
		00E356F01AD99517003FC87E /* Supporting Files */ = {
			isa = PBXGroup;
			children = (
				00E356F11AD99517003FC87E /* Info.plist */,
			);
			name = "Supporting Files";
			sourceTree = "<group>";
		};
		13B07FAE1A68108700A75B9A /* BelgaTabletApp */ = {
			isa = PBXGroup;
			children = (
				13B07FAF1A68108700A75B9A /* AppDelegate.h */,
				13B07FB01A68108700A75B9A /* AppDelegate.mm */,
				13B07FB51A68108700A75B9A /* Images.xcassets */,
				13B07FB61A68108700A75B9A /* Info.plist */,
				81AB9BB72411601600AC10FF /* LaunchScreen.storyboard */,
				13B07FB71A68108700A75B9A /* main.m */,
				13B07FB81A68108700A75B9A /* PrivacyInfo.xcprivacy */,
				1AEB0E1D78954A50BFFC5877 /* Colors.xcassets */,
				5F426F077F5F4234941567BB /* BootSplash.storyboard */,
			);
			name = BelgaTabletApp;
			sourceTree = "<group>";
		};
		2D16E6871FA4F8E400B85C8A /* Frameworks */ = {
			isa = PBXGroup;
			children = (
				ED297162215061F000B7C4FE /* JavaScriptCore.framework */,
				5DCACB8F33CDC322A6C60F78 /* libPods-BelgaTabletApp.a */,
				19F6CBCC0A4E27FBF8BF4A61 /* libPods-BelgaTabletApp-BelgaTabletAppTests.a */,
			);
			name = Frameworks;
			sourceTree = "<group>";
		};
		832341AE1AAA6A7D00B99B32 /* Libraries */ = {
			isa = PBXGroup;
			children = (
			);
			name = Libraries;
			sourceTree = "<group>";
		};
		83CBB9F61A601CBA00E9B192 = {
			isa = PBXGroup;
			children = (
				B7216E6F2CEB26C800840258 /* Config.xcconfig */,
				13B07FAE1A68108700A75B9A /* BelgaTabletApp */,
				832341AE1AAA6A7D00B99B32 /* Libraries */,
				00E356EF1AD99517003FC87E /* BelgaTabletAppTests */,
				83CBBA001A601CBA00E9B192 /* Products */,
				2D16E6871FA4F8E400B85C8A /* Frameworks */,
				BBD78D7AC51CEA395F1C20DB /* Pods */,
				9B9334CC29154B2DAE0F650E /* Resources */,
			);
			indentWidth = 2;
			sourceTree = "<group>";
			tabWidth = 2;
			usesTabs = 0;
		};
		83CBBA001A601CBA00E9B192 /* Products */ = {
			isa = PBXGroup;
			children = (
				13B07F961A680F5B00A75B9A /* BelgaTabletApp.app */,
				00E356EE1AD99517003FC87E /* BelgaTabletAppTests.xctest */,
			);
			name = Products;
			sourceTree = "<group>";
		};
		9B9334CC29154B2DAE0F650E /* Resources */ = {
			isa = PBXGroup;
			children = (
				19BE13BC9CBC4B89B66E2CE3 /* AntDesign.ttf */,
				217FEAE6722540D5B960DD1D /* Entypo.ttf */,
				4B92FB16331445C09D8DADEF /* EvilIcons.ttf */,
				C56C188A63934FBCAD052364 /* Feather.ttf */,
				A2EDEE87769B48FD8D457327 /* FontAwesome.ttf */,
				15B7508299DA44BEA8722581 /* FontAwesome5_Brands.ttf */,
				030C371EEB6946298BAC693A /* FontAwesome5_Regular.ttf */,
				0A8A50EA10184E7685BA7F22 /* FontAwesome5_Solid.ttf */,
				CAE131C51D01486DADB404A2 /* FontAwesome6_Brands.ttf */,
				DAC02244553E47959322C1DB /* FontAwesome6_Regular.ttf */,
				11A5D056E95B441A8FE51A30 /* FontAwesome6_Solid.ttf */,
				C7D45457EA3B476DB8222DC8 /* Fontisto.ttf */,
				CDFE2395DAEB4A03ACD2A04C /* Foundation.ttf */,
				CE08E3A46A0B4A909C984B5B /* Ionicons.ttf */,
				BCB3653679764E62BC783B0B /* Lexend-Black.ttf */,
				A816816E55F04505A2A28980 /* Lexend-Bold.ttf */,
				EC137E2BFFCB4DBD8D864ADD /* Lexend-ExtraBold.ttf */,
				2E599CADDD894986A0C85B05 /* Lexend-ExtraLight.ttf */,
				620E38092B5D42EAAC0D5D3E /* Lexend-Light.ttf */,
				FB82A9EFF6764B9B98B64469 /* Lexend-Medium.ttf */,
				014CA9F2371E48AF8E8A94C0 /* Lexend-Regular.ttf */,
				CF431FD25E624143BB3D6B47 /* Lexend-SemiBold.ttf */,
				AFC26624A8EC4B1494B1BBC4 /* Lexend-Thin.ttf */,
				7647CBC14CF344E4AE06B943 /* MaterialCommunityIcons.ttf */,
				2CA4F76821184F11A42187D7 /* MaterialIcons.ttf */,
				684A5A0752BF4B7BA5980858 /* Octicons.ttf */,
				B4279D5C77774BBE907F141A /* ProximaNova-Black.ttf */,
				D2113E8F285F4C6487062C0D /* ProximaNova-BlackIt.ttf */,
				5261F18182D94218B460F9F5 /* ProximaNova-Bold.ttf */,
				88B5701BEE434A97992B44A1 /* ProximaNova-BoldIt.ttf */,
				6732E80C5177470095BFEDDB /* ProximaNova-Extrabld.ttf */,
				E496340A6D874E01A2BFEC1B /* ProximaNova-ExtrabldIt.ttf */,
				DFB0E56BC7D447738BDF5FC2 /* ProximaNova-Light.ttf */,
				86C425F3C56748D1953D50F6 /* ProximaNova-LightIt.ttf */,
				19F25EAA8F4043499CDE25F9 /* ProximaNova-Regular.ttf */,
				EFA8ED6E82194AA1B62FE9B0 /* ProximaNova-RegularIt.ttf */,
				C34C6960ED36497ABFFC8D31 /* ProximaNova-Semibold.ttf */,
				D90BC787D222436BA86F13CF /* ProximaNova-SemiboldIt.ttf */,
				02FE411FB26E4258A325E8D9 /* ProximaNova-ThinIt.ttf */,
				D98190C759C042BBB740A15A /* ProximaNovaT-Thin.ttf */,
				C096B8E7DAAA448D8BC753C5 /* SimpleLineIcons.ttf */,
				71C93995CD3645329F5C2822 /* Zocial.ttf */,
			);
			name = Resources;
			sourceTree = "<group>";
		};
		BBD78D7AC51CEA395F1C20DB /* Pods */ = {
			isa = PBXGroup;
			children = (
				3B4392A12AC88292D35C810B /* Pods-BelgaTabletApp.debug.xcconfig */,
				5709B34CF0A7D63546082F79 /* Pods-BelgaTabletApp.release.xcconfig */,
				5B7EB9410499542E8C5724F5 /* Pods-BelgaTabletApp-BelgaTabletAppTests.debug.xcconfig */,
				89C6BE57DB24E9ADA2F236DE /* Pods-BelgaTabletApp-BelgaTabletAppTests.release.xcconfig */,
			);
			path = Pods;
			sourceTree = "<group>";
		};
/* End PBXGroup section */

/* Begin PBXNativeTarget section */
		00E356ED1AD99517003FC87E /* BelgaTabletAppTests */ = {
			isa = PBXNativeTarget;
			buildConfigurationList = 00E357021AD99517003FC87E /* Build configuration list for PBXNativeTarget "BelgaTabletAppTests" */;
			buildPhases = (
				A55EABD7B0C7F3A422A6CC61 /* [CP] Check Pods Manifest.lock */,
				00E356EA1AD99517003FC87E /* Sources */,
				00E356EB1AD99517003FC87E /* Frameworks */,
				00E356EC1AD99517003FC87E /* Resources */,
				C59DA0FBD6956966B86A3779 /* [CP] Embed Pods Frameworks */,
				F6A41C54EA430FDDC6A6ED99 /* [CP] Copy Pods Resources */,
			);
			buildRules = (
			);
			dependencies = (
				00E356F51AD99517003FC87E /* PBXTargetDependency */,
			);
			name = BelgaTabletAppTests;
			productName = BelgaTabletAppTests;
			productReference = 00E356EE1AD99517003FC87E /* BelgaTabletAppTests.xctest */;
			productType = "com.apple.product-type.bundle.unit-test";
		};
		13B07F861A680F5B00A75B9A /* BelgaTabletApp */ = {
			isa = PBXNativeTarget;
			buildConfigurationList = 13B07F931A680F5B00A75B9A /* Build configuration list for PBXNativeTarget "BelgaTabletApp" */;
			buildPhases = (
				C38B50BA6285516D6DCD4F65 /* [CP] Check Pods Manifest.lock */,
				13B07F871A680F5B00A75B9A /* Sources */,
				13B07F8C1A680F5B00A75B9A /* Frameworks */,
				13B07F8E1A680F5B00A75B9A /* Resources */,
				00DD1BFF1BD5951E006B06BC /* Bundle React Native code and images */,
				00EEFC60759A1932668264C0 /* [CP] Embed Pods Frameworks */,
				E235C05ADACE081382539298 /* [CP] Copy Pods Resources */,
				B7216E702CEB277E00840258 /* ShellScript */,
			);
			buildRules = (
			);
			dependencies = (
			);
			name = BelgaTabletApp;
			productName = BelgaTabletApp;
			productReference = 13B07F961A680F5B00A75B9A /* BelgaTabletApp.app */;
			productType = "com.apple.product-type.application";
		};
/* End PBXNativeTarget section */

/* Begin PBXProject section */
		83CBB9F71A601CBA00E9B192 /* Project object */ = {
			isa = PBXProject;
			attributes = {
				LastUpgradeCheck = 1210;
				TargetAttributes = {
					00E356ED1AD99517003FC87E = {
						CreatedOnToolsVersion = 6.2;
						TestTargetID = 13B07F861A680F5B00A75B9A;
					};
					13B07F861A680F5B00A75B9A = {
						LastSwiftMigration = 1120;
					};
				};
			};
			buildConfigurationList = 83CBB9FA1A601CBA00E9B192 /* Build configuration list for PBXProject "BelgaTabletApp" */;
			compatibilityVersion = "Xcode 12.0";
			developmentRegion = en;
			hasScannedForEncodings = 0;
			knownRegions = (
				en,
				Base,
			);
			mainGroup = 83CBB9F61A601CBA00E9B192;
			productRefGroup = 83CBBA001A601CBA00E9B192 /* Products */;
			projectDirPath = "";
			projectRoot = "";
			targets = (
				13B07F861A680F5B00A75B9A /* BelgaTabletApp */,
				00E356ED1AD99517003FC87E /* BelgaTabletAppTests */,
			);
		};
/* End PBXProject section */

/* Begin PBXResourcesBuildPhase section */
		00E356EC1AD99517003FC87E /* Resources */ = {
			isa = PBXResourcesBuildPhase;
			buildActionMask = 2147483647;
			files = (
				B7216E5F2CEAED5600840258 /* ProximaNova-Black.ttf in Resources */,
				B7216E602CEAED5600840258 /* ProximaNova-BlackIt.ttf in Resources */,
				B7216E612CEAED5600840258 /* ProximaNova-Bold.ttf in Resources */,
				B7216E622CEAED5600840258 /* ProximaNova-BoldIt.ttf in Resources */,
				B7216E632CEAED5600840258 /* ProximaNova-Extrabld.ttf in Resources */,
				B7216E642CEAED5600840258 /* ProximaNova-ExtrabldIt.ttf in Resources */,
				B7216E652CEAED5600840258 /* ProximaNova-Light.ttf in Resources */,
				B7216E662CEAED5600840258 /* ProximaNova-LightIt.ttf in Resources */,
				B7216E672CEAED5600840258 /* ProximaNova-Regular.ttf in Resources */,
				B7216E682CEAED5600840258 /* ProximaNova-RegularIt.ttf in Resources */,
				B7216E692CEAED5600840258 /* ProximaNova-Semibold.ttf in Resources */,
				B7216E6A2CEAED5600840258 /* ProximaNova-SemiboldIt.ttf in Resources */,
				B7216E6B2CEAED5600840258 /* ProximaNova-ThinIt.ttf in Resources */,
				B7216E6C2CEAED5600840258 /* ProximaNovaT-Thin.ttf in Resources */,
			);
			runOnlyForDeploymentPostprocessing = 0;
		};
		13B07F8E1A680F5B00A75B9A /* Resources */ = {
			isa = PBXResourcesBuildPhase;
			buildActionMask = 2147483647;
			files = (
				81AB9BB82411601600AC10FF /* LaunchScreen.storyboard in Resources */,
				13B07FBF1A68108700A75B9A /* Images.xcassets in Resources */,
				AB6CB038A859E655A970D9BA /* PrivacyInfo.xcprivacy in Resources */,
				31B0FC8901154C17A1E1A63F /* ProximaNova-Black.ttf in Resources */,
				D4FB7665179940A584CADE77 /* ProximaNova-BlackIt.ttf in Resources */,
				81FA70BD5D764F1DAF4CA674 /* ProximaNova-Bold.ttf in Resources */,
				57A397CF4024472997A18483 /* ProximaNova-BoldIt.ttf in Resources */,
				49A298B0A6FA408485B4552D /* ProximaNova-Extrabld.ttf in Resources */,
				70C4B64FBE024C668A7D59F6 /* ProximaNova-ExtrabldIt.ttf in Resources */,
				2706366DBC2B45FB994E2F74 /* ProximaNova-Light.ttf in Resources */,
				1F1FA852226849D5ABF7FE98 /* ProximaNova-LightIt.ttf in Resources */,
				CF94C3DFEF9C46B6A6F92324 /* ProximaNova-Regular.ttf in Resources */,
				01A72725CBDE4CB291AC5D95 /* ProximaNova-RegularIt.ttf in Resources */,
				0B475F6EE91040E185D756E3 /* ProximaNova-Semibold.ttf in Resources */,
				82396160E6EB4B8AAC0A720D /* ProximaNova-SemiboldIt.ttf in Resources */,
				FFCD7E5FA57E4AB4A23C1676 /* ProximaNova-ThinIt.ttf in Resources */,
				C07DA27024FF49718C75D4E7 /* ProximaNovaT-Thin.ttf in Resources */,
				33D8D68321334209882CA68F /* Colors.xcassets in Resources */,
				D7A525159C504814BEF0EF2F /* BootSplash.storyboard in Resources */,
			);
			runOnlyForDeploymentPostprocessing = 0;
		};
/* End PBXResourcesBuildPhase section */

/* Begin PBXShellScriptBuildPhase section */
		00DD1BFF1BD5951E006B06BC /* Bundle React Native code and images */ = {
			isa = PBXShellScriptBuildPhase;
			buildActionMask = 2147483647;
			files = (
			);
			inputPaths = (
				"$(SRCROOT)/.xcode.env.local",
				"$(SRCROOT)/.xcode.env",
			);
			name = "Bundle React Native code and images";
			outputPaths = (
			);
			runOnlyForDeploymentPostprocessing = 0;
			shellPath = /bin/sh;
			shellScript = "set -e\n\nWITH_ENVIRONMENT=\"$REACT_NATIVE_PATH/scripts/xcode/with-environment.sh\"\nREACT_NATIVE_XCODE=\"$REACT_NATIVE_PATH/scripts/react-native-xcode.sh\"\n\n/bin/sh -c \"$WITH_ENVIRONMENT $REACT_NATIVE_XCODE\"\n";
		};
		00EEFC60759A1932668264C0 /* [CP] Embed Pods Frameworks */ = {
			isa = PBXShellScriptBuildPhase;
			buildActionMask = 2147483647;
			files = (
			);
			inputFileListPaths = (
				"${PODS_ROOT}/Target Support Files/Pods-BelgaTabletApp/Pods-BelgaTabletApp-frameworks-${CONFIGURATION}-input-files.xcfilelist",
			);
			name = "[CP] Embed Pods Frameworks";
			outputFileListPaths = (
				"${PODS_ROOT}/Target Support Files/Pods-BelgaTabletApp/Pods-BelgaTabletApp-frameworks-${CONFIGURATION}-output-files.xcfilelist",
			);
			runOnlyForDeploymentPostprocessing = 0;
			shellPath = /bin/sh;
			shellScript = "\"${PODS_ROOT}/Target Support Files/Pods-BelgaTabletApp/Pods-BelgaTabletApp-frameworks.sh\"\n";
			showEnvVarsInLog = 0;
		};
		A55EABD7B0C7F3A422A6CC61 /* [CP] Check Pods Manifest.lock */ = {
			isa = PBXShellScriptBuildPhase;
			buildActionMask = 2147483647;
			files = (
			);
			inputFileListPaths = (
			);
			inputPaths = (
				"${PODS_PODFILE_DIR_PATH}/Podfile.lock",
				"${PODS_ROOT}/Manifest.lock",
			);
			name = "[CP] Check Pods Manifest.lock";
			outputFileListPaths = (
			);
			outputPaths = (
				"$(DERIVED_FILE_DIR)/Pods-BelgaTabletApp-BelgaTabletAppTests-checkManifestLockResult.txt",
			);
			runOnlyForDeploymentPostprocessing = 0;
			shellPath = /bin/sh;
			shellScript = "diff \"${PODS_PODFILE_DIR_PATH}/Podfile.lock\" \"${PODS_ROOT}/Manifest.lock\" > /dev/null\nif [ $? != 0 ] ; then\n    # print error to STDERR\n    echo \"error: The sandbox is not in sync with the Podfile.lock. Run 'pod install' or update your CocoaPods installation.\" >&2\n    exit 1\nfi\n# This output is used by Xcode 'outputs' to avoid re-running this script phase.\necho \"SUCCESS\" > \"${SCRIPT_OUTPUT_FILE_0}\"\n";
			showEnvVarsInLog = 0;
		};
		B7216E702CEB277E00840258 /* ShellScript */ = {
			isa = PBXShellScriptBuildPhase;
			buildActionMask = 2147483647;
			files = (
			);
			inputFileListPaths = (
			);
			inputPaths = (
			);
			outputFileListPaths = (
			);
			outputPaths = (
			);
			runOnlyForDeploymentPostprocessing = 0;
			shellPath = /bin/sh;
			shellScript = "# Type a script or drag a script file from your workspace to insert its path.\n\"${SRCROOT}/../node_modules/react-native-config/ios/ReactNativeConfig/BuildXCConfig.rb\" \"${SRCROOT}/..\" \"${SRCROOT}/tmp.xcconfig\"\n\n\n";
		};
		C38B50BA6285516D6DCD4F65 /* [CP] Check Pods Manifest.lock */ = {
			isa = PBXShellScriptBuildPhase;
			buildActionMask = 2147483647;
			files = (
			);
			inputFileListPaths = (
			);
			inputPaths = (
				"${PODS_PODFILE_DIR_PATH}/Podfile.lock",
				"${PODS_ROOT}/Manifest.lock",
			);
			name = "[CP] Check Pods Manifest.lock";
			outputFileListPaths = (
			);
			outputPaths = (
				"$(DERIVED_FILE_DIR)/Pods-BelgaTabletApp-checkManifestLockResult.txt",
			);
			runOnlyForDeploymentPostprocessing = 0;
			shellPath = /bin/sh;
			shellScript = "diff \"${PODS_PODFILE_DIR_PATH}/Podfile.lock\" \"${PODS_ROOT}/Manifest.lock\" > /dev/null\nif [ $? != 0 ] ; then\n    # print error to STDERR\n    echo \"error: The sandbox is not in sync with the Podfile.lock. Run 'pod install' or update your CocoaPods installation.\" >&2\n    exit 1\nfi\n# This output is used by Xcode 'outputs' to avoid re-running this script phase.\necho \"SUCCESS\" > \"${SCRIPT_OUTPUT_FILE_0}\"\n";
			showEnvVarsInLog = 0;
		};
		C59DA0FBD6956966B86A3779 /* [CP] Embed Pods Frameworks */ = {
			isa = PBXShellScriptBuildPhase;
			buildActionMask = 2147483647;
			files = (
			);
			inputFileListPaths = (
				"${PODS_ROOT}/Target Support Files/Pods-BelgaTabletApp-BelgaTabletAppTests/Pods-BelgaTabletApp-BelgaTabletAppTests-frameworks-${CONFIGURATION}-input-files.xcfilelist",
			);
			name = "[CP] Embed Pods Frameworks";
			outputFileListPaths = (
				"${PODS_ROOT}/Target Support Files/Pods-BelgaTabletApp-BelgaTabletAppTests/Pods-BelgaTabletApp-BelgaTabletAppTests-frameworks-${CONFIGURATION}-output-files.xcfilelist",
			);
			runOnlyForDeploymentPostprocessing = 0;
			shellPath = /bin/sh;
			shellScript = "\"${PODS_ROOT}/Target Support Files/Pods-BelgaTabletApp-BelgaTabletAppTests/Pods-BelgaTabletApp-BelgaTabletAppTests-frameworks.sh\"\n";
			showEnvVarsInLog = 0;
		};
		E235C05ADACE081382539298 /* [CP] Copy Pods Resources */ = {
			isa = PBXShellScriptBuildPhase;
			buildActionMask = 12;
			files = (
			);
			inputFileListPaths = (
				"${PODS_ROOT}/Target Support Files/Pods-BelgaTabletApp/Pods-BelgaTabletApp-resources-${CONFIGURATION}-input-files.xcfilelist",
			);
			name = "[CP] Copy Pods Resources";
			outputFileListPaths = (
				"${PODS_ROOT}/Target Support Files/Pods-BelgaTabletApp/Pods-BelgaTabletApp-resources-${CONFIGURATION}-output-files.xcfilelist",
			);
			runOnlyForDeploymentPostprocessing = 0;
			shellPath = /bin/sh;
			shellScript = "\"${PODS_ROOT}/Target Support Files/Pods-BelgaTabletApp/Pods-BelgaTabletApp-resources.sh\"\n";
			showEnvVarsInLog = 0;
		};
		F6A41C54EA430FDDC6A6ED99 /* [CP] Copy Pods Resources */ = {
			isa = PBXShellScriptBuildPhase;
			buildActionMask = 2147483647;
			files = (
			);
			inputFileListPaths = (
				"${PODS_ROOT}/Target Support Files/Pods-BelgaTabletApp-BelgaTabletAppTests/Pods-BelgaTabletApp-BelgaTabletAppTests-resources-${CONFIGURATION}-input-files.xcfilelist",
			);
			name = "[CP] Copy Pods Resources";
			outputFileListPaths = (
				"${PODS_ROOT}/Target Support Files/Pods-BelgaTabletApp-BelgaTabletAppTests/Pods-BelgaTabletApp-BelgaTabletAppTests-resources-${CONFIGURATION}-output-files.xcfilelist",
			);
			runOnlyForDeploymentPostprocessing = 0;
			shellPath = /bin/sh;
			shellScript = "\"${PODS_ROOT}/Target Support Files/Pods-BelgaTabletApp-BelgaTabletAppTests/Pods-BelgaTabletApp-BelgaTabletAppTests-resources.sh\"\n";
			showEnvVarsInLog = 0;
		};
/* End PBXShellScriptBuildPhase section */

/* Begin PBXSourcesBuildPhase section */
		00E356EA1AD99517003FC87E /* Sources */ = {
			isa = PBXSourcesBuildPhase;
			buildActionMask = 2147483647;
			files = (
				00E356F31AD99517003FC87E /* BelgaTabletAppTests.m in Sources */,
			);
			runOnlyForDeploymentPostprocessing = 0;
		};
		13B07F871A680F5B00A75B9A /* Sources */ = {
			isa = PBXSourcesBuildPhase;
			buildActionMask = 2147483647;
			files = (
				13B07FBC1A68108700A75B9A /* AppDelegate.mm in Sources */,
				13B07FC11A68108700A75B9A /* main.m in Sources */,
			);
			runOnlyForDeploymentPostprocessing = 0;
		};
/* End PBXSourcesBuildPhase section */

/* Begin PBXTargetDependency section */
		00E356F51AD99517003FC87E /* PBXTargetDependency */ = {
			isa = PBXTargetDependency;
			target = 13B07F861A680F5B00A75B9A /* BelgaTabletApp */;
			targetProxy = 00E356F41AD99517003FC87E /* PBXContainerItemProxy */;
		};
/* End PBXTargetDependency section */

/* Begin XCBuildConfiguration section */
		00E356F61AD99517003FC87E /* Debug */ = {
			isa = XCBuildConfiguration;
			baseConfigurationReference = 5B7EB9410499542E8C5724F5 /* Pods-BelgaTabletApp-BelgaTabletAppTests.debug.xcconfig */;
			buildSettings = {
				BUNDLE_LOADER = "$(TEST_HOST)";
				DEVELOPMENT_TEAM = N46XY9PYAV;
				GCC_PREPROCESSOR_DEFINITIONS = (
					"DEBUG=1",
					"$(inherited)",
				);
				INFOPLIST_FILE = BelgaTabletAppTests/Info.plist;
				IPHONEOS_DEPLOYMENT_TARGET = 15.1;
				LD_RUNPATH_SEARCH_PATHS = (
					"$(inherited)",
					"@executable_path/Frameworks",
					"@loader_path/Frameworks",
				);
				OTHER_LDFLAGS = (
					"-ObjC",
					"-lc++",
					"$(inherited)",
				);
				PRODUCT_BUNDLE_IDENTIFIER = com.belgatabletapp;
				PRODUCT_NAME = "$(TARGET_NAME)";
				TEST_HOST = "$(BUILT_PRODUCTS_DIR)/BelgaTabletApp.app/BelgaTabletApp";
			};
			name = Debug;
		};
		00E356F71AD99517003FC87E /* Release */ = {
			isa = XCBuildConfiguration;
			baseConfigurationReference = 89C6BE57DB24E9ADA2F236DE /* Pods-BelgaTabletApp-BelgaTabletAppTests.release.xcconfig */;
			buildSettings = {
				BUNDLE_LOADER = "$(TEST_HOST)";
				COPY_PHASE_STRIP = NO;
				DEVELOPMENT_TEAM = N46XY9PYAV;
				INFOPLIST_FILE = BelgaTabletAppTests/Info.plist;
				IPHONEOS_DEPLOYMENT_TARGET = 15.1;
				LD_RUNPATH_SEARCH_PATHS = (
					"$(inherited)",
					"@executable_path/Frameworks",
					"@loader_path/Frameworks",
				);
				OTHER_LDFLAGS = (
					"-ObjC",
					"-lc++",
					"$(inherited)",
				);
				PRODUCT_BUNDLE_IDENTIFIER = com.belgatabletapp;
				PRODUCT_NAME = "$(TARGET_NAME)";
				TEST_HOST = "$(BUILT_PRODUCTS_DIR)/BelgaTabletApp.app/BelgaTabletApp";
			};
			name = Release;
		};
		13B07F941A680F5B00A75B9A /* Debug */ = {
			isa = XCBuildConfiguration;
			baseConfigurationReference = 3B4392A12AC88292D35C810B /* Pods-BelgaTabletApp.debug.xcconfig */;
			buildSettings = {
				ASSETCATALOG_COMPILER_APPICON_NAME = AppIcon;
				CLANG_ENABLE_MODULES = YES;
				CODE_SIGN_IDENTITY = "Apple Development";
				CODE_SIGN_STYLE = Automatic;
				CURRENT_PROJECT_VERSION = 1;
				DEVELOPMENT_TEAM = N46XY9PYAV;
				ENABLE_BITCODE = NO;
				INFOPLIST_FILE = BelgaTabletApp/Info.plist;
				INFOPLIST_KEY_CFBundleDisplayName = "Belga Press Tablet";
				INFOPLIST_KEY_LSApplicationCategoryType = "public.app-category.news";
				INFOPLIST_OTHER_PREPROCESSOR_FLAGS = "-traditional";
				INFOPLIST_PREFIX_HEADER = "${BUILD_DIR}/GeneratedInfoPlistDotEnv.h";
				INFOPLIST_PREPROCESS = YES;
				IPHONEOS_DEPLOYMENT_TARGET = 15.1;
				LD_RUNPATH_SEARCH_PATHS = (
					"$(inherited)",
					"@executable_path/Frameworks",
				);
				MARKETING_VERSION = 1.0;
				OTHER_LDFLAGS = (
					"$(inherited)",
					"-ObjC",
					"-lc++",
				);
				PRODUCT_BUNDLE_IDENTIFIER = com.belgatabletapp;
				PRODUCT_NAME = BelgaTabletApp;
				PROVISIONING_PROFILE_SPECIFIER = "";
				SUPPORTED_PLATFORMS = "iphoneos iphonesimulator";
				SUPPORTS_MACCATALYST = NO;
				SUPPORTS_MAC_DESIGNED_FOR_IPHONE_IPAD = NO;
				SUPPORTS_XR_DESIGNED_FOR_IPHONE_IPAD = NO;
				SWIFT_OPTIMIZATION_LEVEL = "-Onone";
				SWIFT_VERSION = 5.0;
				TARGETED_DEVICE_FAMILY = 2;
				VERSIONING_SYSTEM = "apple-generic";
			};
			name = Debug;
		};
		13B07F951A680F5B00A75B9A /* Release */ = {
			isa = XCBuildConfiguration;
			baseConfigurationReference = 5709B34CF0A7D63546082F79 /* Pods-BelgaTabletApp.release.xcconfig */;
			buildSettings = {
				ASSETCATALOG_COMPILER_APPICON_NAME = AppIcon;
				CLANG_ENABLE_MODULES = YES;
				CODE_SIGN_IDENTITY = "Apple Development";
				CODE_SIGN_STYLE = Automatic;
				CURRENT_PROJECT_VERSION = 1;
				DEVELOPMENT_TEAM = N46XY9PYAV;
				INFOPLIST_FILE = BelgaTabletApp/Info.plist;
				INFOPLIST_KEY_CFBundleDisplayName = "Belga Press Tablet";
				INFOPLIST_KEY_LSApplicationCategoryType = "public.app-category.news";
				INFOPLIST_OTHER_PREPROCESSOR_FLAGS = "-traditional";
				INFOPLIST_PREFIX_HEADER = "${BUILD_DIR}/GeneratedInfoPlistDotEnv.h";
				INFOPLIST_PREPROCESS = YES;
				IPHONEOS_DEPLOYMENT_TARGET = 15.1;
				LD_RUNPATH_SEARCH_PATHS = (
					"$(inherited)",
					"@executable_path/Frameworks",
				);
				MARKETING_VERSION = 1.0;
				OTHER_LDFLAGS = (
					"$(inherited)",
					"-ObjC",
					"-lc++",
				);
				PRODUCT_BUNDLE_IDENTIFIER = com.belgatabletapp;
				PRODUCT_NAME = BelgaTabletApp;
				PROVISIONING_PROFILE_SPECIFIER = "";
				SUPPORTED_PLATFORMS = "iphoneos iphonesimulator";
				SUPPORTS_MACCATALYST = NO;
				SUPPORTS_MAC_DESIGNED_FOR_IPHONE_IPAD = NO;
				SUPPORTS_XR_DESIGNED_FOR_IPHONE_IPAD = NO;
				SWIFT_VERSION = 5.0;
				TARGETED_DEVICE_FAMILY = 2;
				VERSIONING_SYSTEM = "apple-generic";
			};
			name = Release;
		};
		83CBBA201A601CBA00E9B192 /* Debug */ = {
			isa = XCBuildConfiguration;
			baseConfigurationReference = B7216E6F2CEB26C800840258 /* Config.xcconfig */;
			buildSettings = {
				ALWAYS_SEARCH_USER_PATHS = NO;
				CLANG_ANALYZER_LOCALIZABILITY_NONLOCALIZED = YES;
				CLANG_CXX_LANGUAGE_STANDARD = "c++20";
				CLANG_CXX_LIBRARY = "libc++";
				CLANG_ENABLE_MODULES = YES;
				CLANG_ENABLE_OBJC_ARC = YES;
				CLANG_WARN_BLOCK_CAPTURE_AUTORELEASING = YES;
				CLANG_WARN_BOOL_CONVERSION = YES;
				CLANG_WARN_COMMA = YES;
				CLANG_WARN_CONSTANT_CONVERSION = YES;
				CLANG_WARN_DEPRECATED_OBJC_IMPLEMENTATIONS = YES;
				CLANG_WARN_DIRECT_OBJC_ISA_USAGE = YES_ERROR;
				CLANG_WARN_EMPTY_BODY = YES;
				CLANG_WARN_ENUM_CONVERSION = YES;
				CLANG_WARN_INFINITE_RECURSION = YES;
				CLANG_WARN_INT_CONVERSION = YES;
				CLANG_WARN_NON_LITERAL_NULL_CONVERSION = YES;
				CLANG_WARN_OBJC_IMPLICIT_RETAIN_SELF = YES;
				CLANG_WARN_OBJC_LITERAL_CONVERSION = YES;
				CLANG_WARN_OBJC_ROOT_CLASS = YES_ERROR;
				CLANG_WARN_QUOTED_INCLUDE_IN_FRAMEWORK_HEADER = YES;
				CLANG_WARN_RANGE_LOOP_ANALYSIS = YES;
				CLANG_WARN_STRICT_PROTOTYPES = YES;
				CLANG_WARN_SUSPICIOUS_MOVE = YES;
				CLANG_WARN_UNREACHABLE_CODE = YES;
				CLANG_WARN__DUPLICATE_METHOD_MATCH = YES;
				"CODE_SIGN_IDENTITY[sdk=iphoneos*]" = "iPhone Developer";
				COPY_PHASE_STRIP = NO;
				ENABLE_STRICT_OBJC_MSGSEND = YES;
				ENABLE_TESTABILITY = YES;
				"EXCLUDED_ARCHS[sdk=iphonesimulator*]" = "";
				GCC_C_LANGUAGE_STANDARD = gnu99;
				GCC_DYNAMIC_NO_PIC = NO;
				GCC_NO_COMMON_BLOCKS = YES;
				GCC_OPTIMIZATION_LEVEL = 0;
				GCC_PREPROCESSOR_DEFINITIONS = (
					"DEBUG=1",
					"$(inherited)",
				);
				GCC_SYMBOLS_PRIVATE_EXTERN = NO;
				GCC_WARN_64_TO_32_BIT_CONVERSION = YES;
				GCC_WARN_ABOUT_RETURN_TYPE = YES_ERROR;
				GCC_WARN_UNDECLARED_SELECTOR = YES;
				GCC_WARN_UNINITIALIZED_AUTOS = YES_AGGRESSIVE;
				GCC_WARN_UNUSED_FUNCTION = YES;
				GCC_WARN_UNUSED_VARIABLE = YES;
				IPHONEOS_DEPLOYMENT_TARGET = 15.1;
				LD_RUNPATH_SEARCH_PATHS = (
					/usr/lib/swift,
					"$(inherited)",
				);
				LIBRARY_SEARCH_PATHS = (
					"\"$(SDKROOT)/usr/lib/swift\"",
					"\"$(TOOLCHAIN_DIR)/usr/lib/swift/$(PLATFORM_NAME)\"",
					"\"$(inherited)\"",
				);
				MTL_ENABLE_DEBUG_INFO = YES;
				ONLY_ACTIVE_ARCH = YES;
				OTHER_CPLUSPLUSFLAGS = (
					"$(OTHER_CFLAGS)",
					"-DFOLLY_NO_CONFIG",
					"-DFOLLY_MOBILE=1",
					"-DFOLLY_USE_LIBCPP=1",
					"-DFOLLY_CFG_NO_COROUTINES=1",
					"-DFOLLY_HAVE_CLOCK_GETTIME=1",
				);
				OTHER_LDFLAGS = (
					"$(inherited)",
					" ",
				);
				REACT_NATIVE_PATH = "${PODS_ROOT}/../../node_modules/react-native";
				SDKROOT = iphoneos;
				SWIFT_ACTIVE_COMPILATION_CONDITIONS = "$(inherited) DEBUG";
				USE_HERMES = true;
			};
			name = Debug;
		};
		83CBBA211A601CBA00E9B192 /* Release */ = {
			isa = XCBuildConfiguration;
			baseConfigurationReference = B7216E6F2CEB26C800840258 /* Config.xcconfig */;
			buildSettings = {
				ALWAYS_SEARCH_USER_PATHS = NO;
				CLANG_ANALYZER_LOCALIZABILITY_NONLOCALIZED = YES;
				CLANG_CXX_LANGUAGE_STANDARD = "c++20";
				CLANG_CXX_LIBRARY = "libc++";
				CLANG_ENABLE_MODULES = YES;
				CLANG_ENABLE_OBJC_ARC = YES;
				CLANG_WARN_BLOCK_CAPTURE_AUTORELEASING = YES;
				CLANG_WARN_BOOL_CONVERSION = YES;
				CLANG_WARN_COMMA = YES;
				CLANG_WARN_CONSTANT_CONVERSION = YES;
				CLANG_WARN_DEPRECATED_OBJC_IMPLEMENTATIONS = YES;
				CLANG_WARN_DIRECT_OBJC_ISA_USAGE = YES_ERROR;
				CLANG_WARN_EMPTY_BODY = YES;
				CLANG_WARN_ENUM_CONVERSION = YES;
				CLANG_WARN_INFINITE_RECURSION = YES;
				CLANG_WARN_INT_CONVERSION = YES;
				CLANG_WARN_NON_LITERAL_NULL_CONVERSION = YES;
				CLANG_WARN_OBJC_IMPLICIT_RETAIN_SELF = YES;
				CLANG_WARN_OBJC_LITERAL_CONVERSION = YES;
				CLANG_WARN_OBJC_ROOT_CLASS = YES_ERROR;
				CLANG_WARN_QUOTED_INCLUDE_IN_FRAMEWORK_HEADER = YES;
				CLANG_WARN_RANGE_LOOP_ANALYSIS = YES;
				CLANG_WARN_STRICT_PROTOTYPES = YES;
				CLANG_WARN_SUSPICIOUS_MOVE = YES;
				CLANG_WARN_UNREACHABLE_CODE = YES;
				CLANG_WARN__DUPLICATE_METHOD_MATCH = YES;
				"CODE_SIGN_IDENTITY[sdk=iphoneos*]" = "iPhone Developer";
				COPY_PHASE_STRIP = YES;
				ENABLE_NS_ASSERTIONS = NO;
				ENABLE_STRICT_OBJC_MSGSEND = YES;
				"EXCLUDED_ARCHS[sdk=iphonesimulator*]" = "";
				GCC_C_LANGUAGE_STANDARD = gnu99;
				GCC_NO_COMMON_BLOCKS = YES;
				GCC_WARN_64_TO_32_BIT_CONVERSION = YES;
				GCC_WARN_ABOUT_RETURN_TYPE = YES_ERROR;
				GCC_WARN_UNDECLARED_SELECTOR = YES;
				GCC_WARN_UNINITIALIZED_AUTOS = YES_AGGRESSIVE;
				GCC_WARN_UNUSED_FUNCTION = YES;
				GCC_WARN_UNUSED_VARIABLE = YES;
				IPHONEOS_DEPLOYMENT_TARGET = 15.1;
				LD_RUNPATH_SEARCH_PATHS = (
					/usr/lib/swift,
					"$(inherited)",
				);
				LIBRARY_SEARCH_PATHS = (
					"\"$(SDKROOT)/usr/lib/swift\"",
					"\"$(TOOLCHAIN_DIR)/usr/lib/swift/$(PLATFORM_NAME)\"",
					"\"$(inherited)\"",
				);
				MTL_ENABLE_DEBUG_INFO = NO;
				OTHER_CPLUSPLUSFLAGS = (
					"$(OTHER_CFLAGS)",
					"-DFOLLY_NO_CONFIG",
					"-DFOLLY_MOBILE=1",
					"-DFOLLY_USE_LIBCPP=1",
					"-DFOLLY_CFG_NO_COROUTINES=1",
					"-DFOLLY_HAVE_CLOCK_GETTIME=1",
				);
				OTHER_LDFLAGS = (
					"$(inherited)",
					" ",
				);
				REACT_NATIVE_PATH = "${PODS_ROOT}/../../node_modules/react-native";
				SDKROOT = iphoneos;
				USE_HERMES = true;
				VALIDATE_PRODUCT = YES;
			};
			name = Release;
		};
/* End XCBuildConfiguration section */

/* Begin XCConfigurationList section */
		00E357021AD99517003FC87E /* Build configuration list for PBXNativeTarget "BelgaTabletAppTests" */ = {
			isa = XCConfigurationList;
			buildConfigurations = (
				00E356F61AD99517003FC87E /* Debug */,
				00E356F71AD99517003FC87E /* Release */,
			);
			defaultConfigurationIsVisible = 0;
			defaultConfigurationName = Release;
		};
		13B07F931A680F5B00A75B9A /* Build configuration list for PBXNativeTarget "BelgaTabletApp" */ = {
			isa = XCConfigurationList;
			buildConfigurations = (
				13B07F941A680F5B00A75B9A /* Debug */,
				13B07F951A680F5B00A75B9A /* Release */,
			);
			defaultConfigurationIsVisible = 0;
			defaultConfigurationName = Release;
		};
		83CBB9FA1A601CBA00E9B192 /* Build configuration list for PBXProject "BelgaTabletApp" */ = {
			isa = XCConfigurationList;
			buildConfigurations = (
				83CBBA201A601CBA00E9B192 /* Debug */,
				83CBBA211A601CBA00E9B192 /* Release */,
			);
			defaultConfigurationIsVisible = 0;
			defaultConfigurationName = Release;
		};
/* End XCConfigurationList section */
	};
	rootObject = 83CBB9F71A601CBA00E9B192 /* Project object */;
}
